
Microsoft Visual Studio Solution File, Format Version 12.00
# Visual Studio Express 2013 for Windows Desktop
VisualStudioVersion = 12.0.21005.1
MinimumVisualStudioVersion = 10.0.40219.1
Project("{8BC9CEB8-8B4A-11D0-8D11-00A0C91BC942}") = "XmlApp", "XmlApp\XmlApp.vcxproj", "{7092F339-966B-46BA-8B80-91A4CA18998A}"
EndProject
Global
	GlobalSection(SolutionConfigurationPlatforms) = preSolution
		Debug|x64 = Debug|x64
		EngineRPMCal|x64 = EngineRPMCal|x64
		MAPCal|x64 = MAPCal|x64
		Release|x64 = Release|x64
		RotorRPMCal|x64 = RotorRPMCal|x64
	EndGlobalSection
	GlobalSection(ProjectConfigurationPlatforms) = postSolution
		{7092F339-966B-46BA-8B80-91A4CA18998A}.Debug|x64.ActiveCfg = Debug|x64
		{7092F339-966B-46BA-8B80-91A4CA18998A}.Debug|x64.Build.0 = Debug|x64
		{7092F339-966B-46BA-8B80-91A4CA18998A}.EngineRPMCal|x64.ActiveCfg = EngineRPMCal|x64
		{7092F339-966B-46BA-8B80-91A4CA18998A}.EngineRPMCal|x64.Build.0 = EngineRPMCal|x64
		{7092F339-966B-46BA-8B80-91A4CA18998A}.MAPCal|x64.ActiveCfg = test|x64
		{7092F339-966B-46BA-8B80-91A4CA18998A}.MAPCal|x64.Build.0 = test|x64
		{7092F339-966B-46BA-8B80-91A4CA18998A}.Release|x64.ActiveCfg = Release|x64
		{7092F339-966B-46BA-8B80-91A4CA18998A}.Release|x64.Build.0 = Release|x64
		{7092F339-966B-46BA-8B80-91A4CA18998A}.RotorRPMCal|x64.ActiveCfg = tachCal|x64
		{7092F339-966B-46BA-8B80-91A4CA18998A}.RotorRPMCal|x64.Build.0 = tachCal|x64
	EndGlobalSection
	GlobalSection(SolutionProperties) = preSolution
		HideSolutionNode = FALSE
	EndGlobalSection
EndGlobal
