// !$*UTF8*$!
{
	archiveVersion = 1;
	classes = {
	};
	objectVersion = 46;
	objects = {

/* Begin PBXBuildFile section */
		655EB272215D25E300A61978 /* main.cpp in Sources */ = {isa = PBXBuildFile; fileRef = 655EB271215D25E300A61978 /* main.cpp */; };
		655EB279215D26AC00A61978 /* sedgewick.cc in Sources */ = {isa = PBXBuildFile; fileRef = 655EB278215D26AC00A61978 /* sedgewick.cc */; };
/* End PBXBuildFile section */

/* Begin PBXCopyFilesBuildPhase section */
		655EB26C215D25E200A61978 /* CopyFiles */ = {
			isa = PBXCopyFilesBuildPhase;
			buildActionMask = 2147483647;
			dstPath = /usr/share/man/man1/;
			dstSubfolderSpec = 0;
			files = (
			);
			runOnlyForDeploymentPostprocessing = 1;
		};
/* End PBXCopyFilesBuildPhase section */

/* Begin PBXFileReference section */
		655EB26E215D25E300A61978 /* kiss */ = {isa = PBXFileReference; explicitFileType = "compiled.mach-o.executable"; includeInIndex = 0; path = kiss; sourceTree = BUILT_PRODUCTS_DIR; };
		655EB271215D25E300A61978 /* main.cpp */ = {isa = PBXFileReference; lastKnownFileType = sourcecode.cpp.cpp; path = main.cpp; sourceTree = "<group>"; };
		655EB278215D26AC00A61978 /* sedgewick.cc */ = {isa = PBXFileReference; fileEncoding = 4; lastKnownFileType = sourcecode.cpp.cpp; name = sedgewick.cc; path = ../../sedgewick.cc; sourceTree = "<group>"; };
/* End PBXFileReference section */

/* Begin PBXFrameworksBuildPhase section */
		655EB26B215D25E200A61978 /* Frameworks */ = {
			isa = PBXFrameworksBuildPhase;
			buildActionMask = 2147483647;
			files = (
			);
			runOnlyForDeploymentPostprocessing = 0;
		};
/* End PBXFrameworksBuildPhase section */

/* Begin PBXGroup section */
		655EB265215D25E200A61978 = {
			isa = PBXGroup;
			children = (
				655EB270215D25E300A61978 /* kiss */,
				655EB26F215D25E300A61978 /* Products */,
			);
			sourceTree = "<group>";
		};
		655EB26F215D25E300A61978 /* Products */ = {
			isa = PBXGroup;
			children = (
				655EB26E215D25E300A61978 /* kiss */,
			);
			name = Products;
			sourceTree = "<group>";
		};
		655EB270215D25E300A61978 /* kiss */ = {
			isa = PBXGroup;
			children = (
				655EB278215D26AC00A61978 /* sedgewick.cc */,
				655EB271215D25E300A61978 /* main.cpp */,
			);
			path = kiss;
			sourceTree = "<group>";
		};
/* End PBXGroup section */

/* Begin PBXNativeTarget section */
		655EB26D215D25E200A61978 /* kiss */ = {
			isa = PBXNativeTarget;
			buildConfigurationList = 655EB275215D25E300A61978 /* Build configuration list for PBXNativeTarget "kiss" */;
			buildPhases = (
				655EB26A215D25E200A61978 /* Sources */,
				655EB26B215D25E200A61978 /* Frameworks */,
				655EB26C215D25E200A61978 /* CopyFiles */,
			);
			buildRules = (
			);
			dependencies = (
			);
			name = kiss;
			productName = kiss;
			productReference = 655EB26E215D25E300A61978 /* kiss */;
			productType = "com.apple.product-type.tool";
		};
/* End PBXNativeTarget section */

/* Begin PBXProject section */
		655EB266215D25E200A61978 /* Project object */ = {
			isa = PBXProject;
			attributes = {
				LastUpgradeCheck = 0820;
				ORGANIZATIONNAME = "Bart Bartel";
				TargetAttributes = {
					655EB26D215D25E200A61978 = {
						CreatedOnToolsVersion = 8.2.1;
						DevelopmentTeam = WCA3XHF4U5;
						ProvisioningStyle = Automatic;
					};
				};
			};
			buildConfigurationList = 655EB269215D25E200A61978 /* Build configuration list for PBXProject "kiss" */;
			compatibilityVersion = "Xcode 3.2";
			developmentRegion = English;
			hasScannedForEncodings = 0;
			knownRegions = (
				en,
			);
			mainGroup = 655EB265215D25E200A61978;
			productRefGroup = 655EB26F215D25E300A61978 /* Products */;
			projectDirPath = "";
			projectRoot = "";
			targets = (
				655EB26D215D25E200A61978 /* kiss */,
			);
		};
/* End PBXProject section */

/* Begin PBXSourcesBuildPhase section */
		655EB26A215D25E200A61978 /* Sources */ = {
			isa = PBXSourcesBuildPhase;
			buildActionMask = 2147483647;
			files = (
				655EB279215D26AC00A61978 /* sedgewick.cc in Sources */,
				655EB272215D25E300A61978 /* main.cpp in Sources */,
			);
			runOnlyForDeploymentPostprocessing = 0;
		};
/* End PBXSourcesBuildPhase section */

/* Begin XCBuildConfiguration section */
		655EB273215D25E300A61978 /* Debug */ = {
			isa = XCBuildConfiguration;
			buildSettings = {
				ALWAYS_SEARCH_USER_PATHS = NO;
				CLANG_ANALYZER_NONNULL = YES;
				CLANG_CXX_LANGUAGE_STANDARD = "gnu++0x";
				CLANG_CXX_LIBRARY = "libc++";
				CLANG_ENABLE_MODULES = YES;
				CLANG_ENABLE_OBJC_ARC = YES;
				CLANG_WARN_BOOL_CONVERSION = YES;
				CLANG_WARN_CONSTANT_CONVERSION = YES;
				CLANG_WARN_DIRECT_OBJC_ISA_USAGE = YES_ERROR;
				CLANG_WARN_DOCUMENTATION_COMMENTS = YES;
				CLANG_WARN_EMPTY_BODY = YES;
				CLANG_WARN_ENUM_CONVERSION = YES;
				CLANG_WARN_INFINITE_RECURSION = YES;
				CLANG_WARN_INT_CONVERSION = YES;
				CLANG_WARN_OBJC_ROOT_CLASS = YES_ERROR;
				CLANG_WARN_SUSPICIOUS_MOVE = YES;
				CLANG_WARN_UNREACHABLE_CODE = YES;
				CLANG_WARN__DUPLICATE_METHOD_MATCH = YES;
				CODE_SIGN_IDENTITY = "-";
				COPY_PHASE_STRIP = NO;
				DEBUG_INFORMATION_FORMAT = dwarf;
				ENABLE_STRICT_OBJC_MSGSEND = YES;
				ENABLE_TESTABILITY = YES;
				GCC_C_LANGUAGE_STANDARD = gnu99;
				GCC_DYNAMIC_NO_PIC = NO;
				GCC_NO_COMMON_BLOCKS = YES;
				GCC_OPTIMIZATION_LEVEL = 0;
				GCC_PREPROCESSOR_DEFINITIONS = (
					"DEBUG=1",
					"$(inherited)",
				);
				GCC_WARN_64_TO_32_BIT_CONVERSION = YES;
				GCC_WARN_ABOUT_RETURN_TYPE = YES_ERROR;
				GCC_WARN_UNDECLARED_SELECTOR = YES;
				GCC_WARN_UNINITIALIZED_AUTOS = YES_AGGRESSIVE;
				GCC_WARN_UNUSED_FUNCTION = YES;
				GCC_WARN_UNUSED_VARIABLE = YES;
				MACOSX_DEPLOYMENT_TARGET = 10.11;
				MTL_ENABLE_DEBUG_INFO = YES;
				ONLY_ACTIVE_ARCH = YES;
				SDKROOT = macosx;
			};
			name = Debug;
		};
		655EB274215D25E300A61978 /* Release */ = {
			isa = XCBuildConfiguration;
			buildSettings = {
				ALWAYS_SEARCH_USER_PATHS = NO;
				CLANG_ANALYZER_NONNULL = YES;
				CLANG_CXX_LANGUAGE_STANDARD = "gnu++0x";
				CLANG_CXX_LIBRARY = "libc++";
				CLANG_ENABLE_MODULES = YES;
				CLANG_ENABLE_OBJC_ARC = YES;
				CLANG_WARN_BOOL_CONVERSION = YES;
				CLANG_WARN_CONSTANT_CONVERSION = YES;
				CLANG_WARN_DIRECT_OBJC_ISA_USAGE = YES_ERROR;
				CLANG_WARN_DOCUMENTATION_COMMENTS = YES;
				CLANG_WARN_EMPTY_BODY = YES;
				CLANG_WARN_ENUM_CONVERSION = YES;
				CLANG_WARN_INFINITE_RECURSION = YES;
				CLANG_WARN_INT_CONVERSION = YES;
				CLANG_WARN_OBJC_ROOT_CLASS = YES_ERROR;
				CLANG_WARN_SUSPICIOUS_MOVE = YES;
				CLANG_WARN_UNREACHABLE_CODE = YES;
				CLANG_WARN__DUPLICATE_METHOD_MATCH = YES;
				CODE_SIGN_IDENTITY = "-";
				COPY_PHASE_STRIP = NO;
				DEBUG_INFORMATION_FORMAT = "dwarf-with-dsym";
				ENABLE_NS_ASSERTIONS = NO;
				ENABLE_STRICT_OBJC_MSGSEND = YES;
				GCC_C_LANGUAGE_STANDARD = gnu99;
				GCC_NO_COMMON_BLOCKS = YES;
				GCC_WARN_64_TO_32_BIT_CONVERSION = YES;
				GCC_WARN_ABOUT_RETURN_TYPE = YES_ERROR;
				GCC_WARN_UNDECLARED_SELECTOR = YES;
				GCC_WARN_UNINITIALIZED_AUTOS = YES_AGGRESSIVE;
				GCC_WARN_UNUSED_FUNCTION = YES;
				GCC_WARN_UNUSED_VARIABLE = YES;
				MACOSX_DEPLOYMENT_TARGET = 10.11;
				MTL_ENABLE_DEBUG_INFO = NO;
				SDKROOT = macosx;
			};
			name = Release;
		};
		655EB276215D25E300A61978 /* Debug */ = {
			isa = XCBuildConfiguration;
			buildSettings = {
				DEVELOPMENT_TEAM = WCA3XHF4U5;
				PRODUCT_NAME = "$(TARGET_NAME)";
			};
			name = Debug;
		};
		655EB277215D25E300A61978 /* Release */ = {
			isa = XCBuildConfiguration;
			buildSettings = {
				DEVELOPMENT_TEAM = WCA3XHF4U5;
				PRODUCT_NAME = "$(TARGET_NAME)";
			};
			name = Release;
		};
/* End XCBuildConfiguration section */

/* Begin XCConfigurationList section */
		655EB269215D25E200A61978 /* Build configuration list for PBXProject "kiss" */ = {
			isa = XCConfigurationList;
			buildConfigurations = (
				655EB273215D25E300A61978 /* Debug */,
				655EB274215D25E300A61978 /* Release */,
			);
			defaultConfigurationIsVisible = 0;
			defaultConfigurationName = Release;
		};
		655EB275215D25E300A61978 /* Build configuration list for PBXNativeTarget "kiss" */ = {
			isa = XCConfigurationList;
			buildConfigurations = (
				655EB276215D25E300A61978 /* Debug */,
				655EB277215D25E300A61978 /* Release */,
			);
			defaultConfigurationIsVisible = 0;
		};
/* End XCConfigurationList section */
	};
	rootObject = 655EB266215D25E200A61978 /* Project object */;
}
